// !$*UTF8*$!
{
	archiveVersion = 1;
	classes = {
	};
	objectVersion = 50;
	objects = {

/* Begin PBXBuildFile section */
		C71708E827B0B2660016EA95 /* ContactView.swift in Sources */ = {isa = PBXBuildFile; fileRef = C71708E727B0B2660016EA95 /* ContactView.swift */; };
		C71708EA27B0B3060016EA95 /* ContactHostingViewController.swift in Sources */ = {isa = PBXBuildFile; fileRef = C71708E927B0B3060016EA95 /* ContactHostingViewController.swift */; };
		C71708EF27B2D4FE0016EA95 /* ContactViewModel.swift in Sources */ = {isa = PBXBuildFile; fileRef = C71708EE27B2D4FE0016EA95 /* ContactViewModel.swift */; };
		C73176DC218E9749002677E6 /* UIFontCodable.swift in Sources */ = {isa = PBXBuildFile; fileRef = C73176DB218E9749002677E6 /* UIFontCodable.swift */; };
		C7540E0B21802B2D00F5638F /* ResumePageView.swift in Sources */ = {isa = PBXBuildFile; fileRef = C7540E0A21802B2D00F5638F /* ResumePageView.swift */; };
		C75D9C0D2180252400D5CAA3 /* ResumeDisplayPageViewController.swift in Sources */ = {isa = PBXBuildFile; fileRef = C75D9C0B2180252400D5CAA3 /* ResumeDisplayPageViewController.swift */; };
		C75D9C0E2180252400D5CAA3 /* ResumeDisplayPageViewController.xib in Resources */ = {isa = PBXBuildFile; fileRef = C75D9C0C2180252400D5CAA3 /* ResumeDisplayPageViewController.xib */; };
		C75D9C112180270C00D5CAA3 /* WebKit.framework in Frameworks */ = {isa = PBXBuildFile; fileRef = C75D9C102180270C00D5CAA3 /* WebKit.framework */; };
		C79523992172B01B009441DC /* AppDelegate.swift in Sources */ = {isa = PBXBuildFile; fileRef = C79523982172B01B009441DC /* AppDelegate.swift */; };
		C79523A02172B01D009441DC /* Assets.xcassets in Resources */ = {isa = PBXBuildFile; fileRef = C795239F2172B01D009441DC /* Assets.xcassets */; };
		C79523A32172B01D009441DC /* LaunchScreen.storyboard in Resources */ = {isa = PBXBuildFile; fileRef = C79523A12172B01D009441DC /* LaunchScreen.storyboard */; };
		C79523B92172B075009441DC /* ResumeDisplayTableViewController.swift in Sources */ = {isa = PBXBuildFile; fileRef = C79523B82172B075009441DC /* ResumeDisplayTableViewController.swift */; };
		C79523BF2172B1CE009441DC /* models.swift in Sources */ = {isa = PBXBuildFile; fileRef = C79523BE2172B1CD009441DC /* models.swift */; };
		C79523C22173C965009441DC /* OverviewView.swift in Sources */ = {isa = PBXBuildFile; fileRef = C79523C12173C965009441DC /* OverviewView.swift */; };
		C79523C42173C996009441DC /* SchoolView.swift in Sources */ = {isa = PBXBuildFile; fileRef = C79523C32173C996009441DC /* SchoolView.swift */; };
		C79523C62173C9AE009441DC /* JobView.swift in Sources */ = {isa = PBXBuildFile; fileRef = C79523C52173C9AE009441DC /* JobView.swift */; };
		C79523C82173C9CB009441DC /* SkillView.swift in Sources */ = {isa = PBXBuildFile; fileRef = C79523C72173C9CB009441DC /* SkillView.swift */; };
		C79523CA2173C9D9009441DC /* ProjectView.swift in Sources */ = {isa = PBXBuildFile; fileRef = C79523C92173C9D9009441DC /* ProjectView.swift */; };
		C79523CC2173C9E4009441DC /* OtherView.swift in Sources */ = {isa = PBXBuildFile; fileRef = C79523CB2173C9E4009441DC /* OtherView.swift */; };
		C79523CE2173CA6E009441DC /* ResumeElementView.swift in Sources */ = {isa = PBXBuildFile; fileRef = C79523CD2173CA6E009441DC /* ResumeElementView.swift */; };
		C79523D02173DF5F009441DC /* GeneralTableViewCell.swift in Sources */ = {isa = PBXBuildFile; fileRef = C79523CF2173DF5F009441DC /* GeneralTableViewCell.swift */; };
		C79523D22173FF11009441DC /* ResumeRepo.swift in Sources */ = {isa = PBXBuildFile; fileRef = C79523D12173FF11009441DC /* ResumeRepo.swift */; };
		C79523D621741680009441DC /* resume.json in Resources */ = {isa = PBXBuildFile; fileRef = C79523D521741680009441DC /* resume.json */; };
		C79523D8217BC234009441DC /* Fonts.swift in Sources */ = {isa = PBXBuildFile; fileRef = C79523D7217BC234009441DC /* Fonts.swift */; };
		C79523DB217D238C009441DC /* SectionHeaderView.swift in Sources */ = {isa = PBXBuildFile; fileRef = C79523DA217D238C009441DC /* SectionHeaderView.swift */; };
/* End PBXBuildFile section */

/* Begin PBXFileReference section */
		C71708E627B041910016EA95 /* Resume.entitlements */ = {isa = PBXFileReference; lastKnownFileType = text.plist.entitlements; path = Resume.entitlements; sourceTree = "<group>"; };
		C71708E727B0B2660016EA95 /* ContactView.swift */ = {isa = PBXFileReference; lastKnownFileType = sourcecode.swift; path = ContactView.swift; sourceTree = "<group>"; };
		C71708E927B0B3060016EA95 /* ContactHostingViewController.swift */ = {isa = PBXFileReference; lastKnownFileType = sourcecode.swift; path = ContactHostingViewController.swift; sourceTree = "<group>"; };
		C71708EE27B2D4FE0016EA95 /* ContactViewModel.swift */ = {isa = PBXFileReference; lastKnownFileType = sourcecode.swift; path = ContactViewModel.swift; sourceTree = "<group>"; };
		C73176DB218E9749002677E6 /* UIFontCodable.swift */ = {isa = PBXFileReference; lastKnownFileType = sourcecode.swift; path = UIFontCodable.swift; sourceTree = "<group>"; };
		C7540E0A21802B2D00F5638F /* ResumePageView.swift */ = {isa = PBXFileReference; lastKnownFileType = sourcecode.swift; path = ResumePageView.swift; sourceTree = "<group>"; };
		C75D9C0B2180252400D5CAA3 /* ResumeDisplayPageViewController.swift */ = {isa = PBXFileReference; lastKnownFileType = sourcecode.swift; path = ResumeDisplayPageViewController.swift; sourceTree = "<group>"; };
		C75D9C0C2180252400D5CAA3 /* ResumeDisplayPageViewController.xib */ = {isa = PBXFileReference; lastKnownFileType = file.xib; path = ResumeDisplayPageViewController.xib; sourceTree = "<group>"; };
		C75D9C102180270C00D5CAA3 /* WebKit.framework */ = {isa = PBXFileReference; lastKnownFileType = wrapper.framework; name = WebKit.framework; path = System/Library/Frameworks/WebKit.framework; sourceTree = SDKROOT; };
		C79523952172B01B009441DC /* Resume.app */ = {isa = PBXFileReference; explicitFileType = wrapper.application; includeInIndex = 0; path = Resume.app; sourceTree = BUILT_PRODUCTS_DIR; };
		C79523982172B01B009441DC /* AppDelegate.swift */ = {isa = PBXFileReference; lastKnownFileType = sourcecode.swift; path = AppDelegate.swift; sourceTree = "<group>"; };
		C795239F2172B01D009441DC /* Assets.xcassets */ = {isa = PBXFileReference; lastKnownFileType = folder.assetcatalog; path = Assets.xcassets; sourceTree = "<group>"; };
		C79523A22172B01D009441DC /* Base */ = {isa = PBXFileReference; lastKnownFileType = file.storyboard; name = Base; path = Base.lproj/LaunchScreen.storyboard; sourceTree = "<group>"; };
		C79523A42172B01D009441DC /* Info.plist */ = {isa = PBXFileReference; lastKnownFileType = text.plist.xml; path = Info.plist; sourceTree = "<group>"; };
		C79523B82172B075009441DC /* ResumeDisplayTableViewController.swift */ = {isa = PBXFileReference; lastKnownFileType = sourcecode.swift; path = ResumeDisplayTableViewController.swift; sourceTree = "<group>"; };
		C79523BE2172B1CD009441DC /* models.swift */ = {isa = PBXFileReference; lastKnownFileType = sourcecode.swift; path = models.swift; sourceTree = "<group>"; };
		C79523C12173C965009441DC /* OverviewView.swift */ = {isa = PBXFileReference; lastKnownFileType = sourcecode.swift; path = OverviewView.swift; sourceTree = "<group>"; };
		C79523C32173C996009441DC /* SchoolView.swift */ = {isa = PBXFileReference; lastKnownFileType = sourcecode.swift; path = SchoolView.swift; sourceTree = "<group>"; };
		C79523C52173C9AE009441DC /* JobView.swift */ = {isa = PBXFileReference; lastKnownFileType = sourcecode.swift; path = JobView.swift; sourceTree = "<group>"; };
		C79523C72173C9CB009441DC /* SkillView.swift */ = {isa = PBXFileReference; lastKnownFileType = sourcecode.swift; path = SkillView.swift; sourceTree = "<group>"; };
		C79523C92173C9D9009441DC /* ProjectView.swift */ = {isa = PBXFileReference; lastKnownFileType = sourcecode.swift; path = ProjectView.swift; sourceTree = "<group>"; };
		C79523CB2173C9E4009441DC /* OtherView.swift */ = {isa = PBXFileReference; lastKnownFileType = sourcecode.swift; path = OtherView.swift; sourceTree = "<group>"; };
		C79523CD2173CA6E009441DC /* ResumeElementView.swift */ = {isa = PBXFileReference; lastKnownFileType = sourcecode.swift; path = ResumeElementView.swift; sourceTree = "<group>"; };
		C79523CF2173DF5F009441DC /* GeneralTableViewCell.swift */ = {isa = PBXFileReference; lastKnownFileType = sourcecode.swift; path = GeneralTableViewCell.swift; sourceTree = "<group>"; };
		C79523D12173FF11009441DC /* ResumeRepo.swift */ = {isa = PBXFileReference; lastKnownFileType = sourcecode.swift; path = ResumeRepo.swift; sourceTree = "<group>"; };
		C79523D521741680009441DC /* resume.json */ = {isa = PBXFileReference; fileEncoding = 4; lastKnownFileType = text.json; path = resume.json; sourceTree = "<group>"; };
		C79523D7217BC234009441DC /* Fonts.swift */ = {isa = PBXFileReference; lastKnownFileType = sourcecode.swift; path = Fonts.swift; sourceTree = "<group>"; };
		C79523DA217D238C009441DC /* SectionHeaderView.swift */ = {isa = PBXFileReference; lastKnownFileType = sourcecode.swift; path = SectionHeaderView.swift; sourceTree = "<group>"; };
/* End PBXFileReference section */

/* Begin PBXFrameworksBuildPhase section */
		C79523922172B01B009441DC /* Frameworks */ = {
			isa = PBXFrameworksBuildPhase;
			buildActionMask = 2147483647;
			files = (
				C75D9C112180270C00D5CAA3 /* WebKit.framework in Frameworks */,
			);
			runOnlyForDeploymentPostprocessing = 0;
		};
/* End PBXFrameworksBuildPhase section */

/* Begin PBXGroup section */
		C71708EB27B2D3D80016EA95 /* Overview */ = {
			isa = PBXGroup;
			children = (
				C79523B82172B075009441DC /* ResumeDisplayTableViewController.swift */,
			);
			path = Overview;
			sourceTree = "<group>";
		};
		C71708EC27B2D3FC0016EA95 /* PDFPage */ = {
			isa = PBXGroup;
			children = (
				C75D9C0C2180252400D5CAA3 /* ResumeDisplayPageViewController.xib */,
				C75D9C0B2180252400D5CAA3 /* ResumeDisplayPageViewController.swift */,
			);
			path = PDFPage;
			sourceTree = "<group>";
		};
		C71708ED27B2D4440016EA95 /* Contact */ = {
			isa = PBXGroup;
			children = (
				C71708E927B0B3060016EA95 /* ContactHostingViewController.swift */,
				C71708E727B0B2660016EA95 /* ContactView.swift */,
				C71708EE27B2D4FE0016EA95 /* ContactViewModel.swift */,
			);
			path = Contact;
			sourceTree = "<group>";
		};
		C75D9C0A2180245F00D5CAA3 /* ViewControllers */ = {
			isa = PBXGroup;
			children = (
				C71708EB27B2D3D80016EA95 /* Overview */,
				C71708EC27B2D3FC0016EA95 /* PDFPage */,
				C71708ED27B2D4440016EA95 /* Contact */,
			);
			path = ViewControllers;
			sourceTree = "<group>";
		};
		C75D9C0F2180270B00D5CAA3 /* Frameworks */ = {
			isa = PBXGroup;
			children = (
				C75D9C102180270C00D5CAA3 /* WebKit.framework */,
			);
			name = Frameworks;
			sourceTree = "<group>";
		};
		C795238C2172B01B009441DC = {
			isa = PBXGroup;
			children = (
				C79523972172B01B009441DC /* Resume */,
				C79523962172B01B009441DC /* Products */,
				C7FE05462197A13300AF4BD0 /* ExternalLibs */,
				C75D9C0F2180270B00D5CAA3 /* Frameworks */,
			);
			sourceTree = "<group>";
		};
		C79523962172B01B009441DC /* Products */ = {
			isa = PBXGroup;
			children = (
				C79523952172B01B009441DC /* Resume.app */,
			);
			name = Products;
			sourceTree = "<group>";
		};
		C79523972172B01B009441DC /* Resume */ = {
			isa = PBXGroup;
			children = (
				C71708E627B041910016EA95 /* Resume.entitlements */,
				C79523D421741377009441DC /* Resources */,
				C79523982172B01B009441DC /* AppDelegate.swift */,
				C79523D9217BC23B009441DC /* Style */,
				C79523D32173FF1A009441DC /* Repo */,
				C75D9C0A2180245F00D5CAA3 /* ViewControllers */,
				C79523BA2172B07B009441DC /* ResumeDisplay */,
				C795239F2172B01D009441DC /* Assets.xcassets */,
				C79523A12172B01D009441DC /* LaunchScreen.storyboard */,
				C79523A42172B01D009441DC /* Info.plist */,
			);
			path = Resume;
			sourceTree = "<group>";
		};
		C79523BA2172B07B009441DC /* ResumeDisplay */ = {
			isa = PBXGroup;
			children = (
				C7540E0A21802B2D00F5638F /* ResumePageView.swift */,
				C79523C02173C937009441DC /* CellViews */,
				C79523BD2172B1AD009441DC /* Model */,
			);
			path = ResumeDisplay;
			sourceTree = "<group>";
		};
		C79523BD2172B1AD009441DC /* Model */ = {
			isa = PBXGroup;
			children = (
				C79523BE2172B1CD009441DC /* models.swift */,
				C73176DB218E9749002677E6 /* UIFontCodable.swift */,
			);
			path = Model;
			sourceTree = "<group>";
		};
		C79523C02173C937009441DC /* CellViews */ = {
			isa = PBXGroup;
			children = (
				C79523CD2173CA6E009441DC /* ResumeElementView.swift */,
				C79523CF2173DF5F009441DC /* GeneralTableViewCell.swift */,
				C79523DA217D238C009441DC /* SectionHeaderView.swift */,
				C79523C12173C965009441DC /* OverviewView.swift */,
				C79523C32173C996009441DC /* SchoolView.swift */,
				C79523C52173C9AE009441DC /* JobView.swift */,
				C79523C72173C9CB009441DC /* SkillView.swift */,
				C79523C92173C9D9009441DC /* ProjectView.swift */,
				C79523CB2173C9E4009441DC /* OtherView.swift */,
			);
			path = CellViews;
			sourceTree = "<group>";
		};
		C79523D32173FF1A009441DC /* Repo */ = {
			isa = PBXGroup;
			children = (
				C79523D12173FF11009441DC /* ResumeRepo.swift */,
			);
			path = Repo;
			sourceTree = "<group>";
		};
		C79523D421741377009441DC /* Resources */ = {
			isa = PBXGroup;
			children = (
				C79523D521741680009441DC /* resume.json */,
			);
			path = Resources;
			sourceTree = "<group>";
		};
		C79523D9217BC23B009441DC /* Style */ = {
			isa = PBXGroup;
			children = (
				C79523D7217BC234009441DC /* Fonts.swift */,
			);
			path = Style;
			sourceTree = "<group>";
		};
		C7FE05462197A13300AF4BD0 /* ExternalLibs */ = {
			isa = PBXGroup;
			children = (
			);
			path = ExternalLibs;
			sourceTree = "<group>";
		};
/* End PBXGroup section */

/* Begin PBXNativeTarget section */
		C79523942172B01B009441DC /* Resume */ = {
			isa = PBXNativeTarget;
			buildConfigurationList = C79523B22172B01D009441DC /* Build configuration list for PBXNativeTarget "Resume" */;
			buildPhases = (
				C79523912172B01B009441DC /* Sources */,
				C79523922172B01B009441DC /* Frameworks */,
				C79523932172B01B009441DC /* Resources */,
			);
			buildRules = (
			);
			dependencies = (
			);
			name = Resume;
			productName = Resume;
			productReference = C79523952172B01B009441DC /* Resume.app */;
			productType = "com.apple.product-type.application";
		};
/* End PBXNativeTarget section */

/* Begin PBXProject section */
		C795238D2172B01B009441DC /* Project object */ = {
			isa = PBXProject;
			attributes = {
				LastSwiftUpdateCheck = 1000;
				LastUpgradeCheck = 1320;
				ORGANIZATIONNAME = "Kelly Huberty";
				TargetAttributes = {
					C79523942172B01B009441DC = {
						CreatedOnToolsVersion = 10.0;
						LastSwiftMigration = 1320;
					};
				};
			};
			buildConfigurationList = C79523902172B01B009441DC /* Build configuration list for PBXProject "Resume" */;
			compatibilityVersion = "Xcode 9.3";
			developmentRegion = en;
			hasScannedForEncodings = 0;
			knownRegions = (
				en,
				Base,
			);
			mainGroup = C795238C2172B01B009441DC;
			productRefGroup = C79523962172B01B009441DC /* Products */;
			projectDirPath = "";
			projectRoot = "";
			targets = (
				C79523942172B01B009441DC /* Resume */,
			);
		};
/* End PBXProject section */

/* Begin PBXResourcesBuildPhase section */
		C79523932172B01B009441DC /* Resources */ = {
			isa = PBXResourcesBuildPhase;
			buildActionMask = 2147483647;
			files = (
				C79523A32172B01D009441DC /* LaunchScreen.storyboard in Resources */,
				C79523D621741680009441DC /* resume.json in Resources */,
				C75D9C0E2180252400D5CAA3 /* ResumeDisplayPageViewController.xib in Resources */,
				C79523A02172B01D009441DC /* Assets.xcassets in Resources */,
			);
			runOnlyForDeploymentPostprocessing = 0;
		};
/* End PBXResourcesBuildPhase section */

/* Begin PBXSourcesBuildPhase section */
		C79523912172B01B009441DC /* Sources */ = {
			isa = PBXSourcesBuildPhase;
			buildActionMask = 2147483647;
			files = (
				C73176DC218E9749002677E6 /* UIFontCodable.swift in Sources */,
				C79523C62173C9AE009441DC /* JobView.swift in Sources */,
				C71708E827B0B2660016EA95 /* ContactView.swift in Sources */,
				C79523C42173C996009441DC /* SchoolView.swift in Sources */,
				C79523D8217BC234009441DC /* Fonts.swift in Sources */,
				C79523D22173FF11009441DC /* ResumeRepo.swift in Sources */,
				C79523CE2173CA6E009441DC /* ResumeElementView.swift in Sources */,
				C79523D02173DF5F009441DC /* GeneralTableViewCell.swift in Sources */,
				C75D9C0D2180252400D5CAA3 /* ResumeDisplayPageViewController.swift in Sources */,
				C79523CC2173C9E4009441DC /* OtherView.swift in Sources */,
				C7540E0B21802B2D00F5638F /* ResumePageView.swift in Sources */,
				C79523B92172B075009441DC /* ResumeDisplayTableViewController.swift in Sources */,
				C79523BF2172B1CE009441DC /* models.swift in Sources */,
				C79523C82173C9CB009441DC /* SkillView.swift in Sources */,
				C79523992172B01B009441DC /* AppDelegate.swift in Sources */,
				C79523DB217D238C009441DC /* SectionHeaderView.swift in Sources */,
				C79523CA2173C9D9009441DC /* ProjectView.swift in Sources */,
				C71708EF27B2D4FE0016EA95 /* ContactViewModel.swift in Sources */,
				C79523C22173C965009441DC /* OverviewView.swift in Sources */,
				C71708EA27B0B3060016EA95 /* ContactHostingViewController.swift in Sources */,
			);
			runOnlyForDeploymentPostprocessing = 0;
		};
/* End PBXSourcesBuildPhase section */

/* Begin PBXVariantGroup section */
		C79523A12172B01D009441DC /* LaunchScreen.storyboard */ = {
			isa = PBXVariantGroup;
			children = (
				C79523A22172B01D009441DC /* Base */,
			);
			name = LaunchScreen.storyboard;
			sourceTree = "<group>";
		};
/* End PBXVariantGroup section */

/* Begin XCBuildConfiguration section */
		C79523B02172B01D009441DC /* Debug */ = {
			isa = XCBuildConfiguration;
			buildSettings = {
				ALWAYS_SEARCH_USER_PATHS = NO;
				CLANG_ANALYZER_NONNULL = YES;
				CLANG_ANALYZER_NUMBER_OBJECT_CONVERSION = YES_AGGRESSIVE;
				CLANG_CXX_LANGUAGE_STANDARD = "gnu++14";
				CLANG_CXX_LIBRARY = "libc++";
				CLANG_ENABLE_MODULES = YES;
				CLANG_ENABLE_OBJC_ARC = YES;
				CLANG_ENABLE_OBJC_WEAK = YES;
				CLANG_WARN_BLOCK_CAPTURE_AUTORELEASING = YES;
				CLANG_WARN_BOOL_CONVERSION = YES;
				CLANG_WARN_COMMA = YES;
				CLANG_WARN_CONSTANT_CONVERSION = YES;
				CLANG_WARN_DEPRECATED_OBJC_IMPLEMENTATIONS = YES;
				CLANG_WARN_DIRECT_OBJC_ISA_USAGE = YES_ERROR;
				CLANG_WARN_DOCUMENTATION_COMMENTS = YES;
				CLANG_WARN_EMPTY_BODY = YES;
				CLANG_WARN_ENUM_CONVERSION = YES;
				CLANG_WARN_INFINITE_RECURSION = YES;
				CLANG_WARN_INT_CONVERSION = YES;
				CLANG_WARN_NON_LITERAL_NULL_CONVERSION = YES;
				CLANG_WARN_OBJC_IMPLICIT_RETAIN_SELF = YES;
				CLANG_WARN_OBJC_LITERAL_CONVERSION = YES;
				CLANG_WARN_OBJC_ROOT_CLASS = YES_ERROR;
				CLANG_WARN_QUOTED_INCLUDE_IN_FRAMEWORK_HEADER = YES;
				CLANG_WARN_RANGE_LOOP_ANALYSIS = YES;
				CLANG_WARN_STRICT_PROTOTYPES = YES;
				CLANG_WARN_SUSPICIOUS_MOVE = YES;
				CLANG_WARN_UNGUARDED_AVAILABILITY = YES_AGGRESSIVE;
				CLANG_WARN_UNREACHABLE_CODE = YES;
				CLANG_WARN__DUPLICATE_METHOD_MATCH = YES;
				CODE_SIGN_IDENTITY = "iPhone Developer";
				COPY_PHASE_STRIP = NO;
				DEBUG_INFORMATION_FORMAT = dwarf;
				ENABLE_STRICT_OBJC_MSGSEND = YES;
				ENABLE_TESTABILITY = YES;
				GCC_C_LANGUAGE_STANDARD = gnu11;
				GCC_DYNAMIC_NO_PIC = NO;
				GCC_NO_COMMON_BLOCKS = YES;
				GCC_OPTIMIZATION_LEVEL = 0;
				GCC_PREPROCESSOR_DEFINITIONS = (
					"DEBUG=1",
					"$(inherited)",
				);
				GCC_WARN_64_TO_32_BIT_CONVERSION = YES;
				GCC_WARN_ABOUT_RETURN_TYPE = YES_ERROR;
				GCC_WARN_UNDECLARED_SELECTOR = YES;
				GCC_WARN_UNINITIALIZED_AUTOS = YES_AGGRESSIVE;
				GCC_WARN_UNUSED_FUNCTION = YES;
				GCC_WARN_UNUSED_VARIABLE = YES;
				IPHONEOS_DEPLOYMENT_TARGET = 12.0;
				MTL_ENABLE_DEBUG_INFO = INCLUDE_SOURCE;
				MTL_FAST_MATH = YES;
				ONLY_ACTIVE_ARCH = YES;
				SDKROOT = iphoneos;
				SWIFT_ACTIVE_COMPILATION_CONDITIONS = DEBUG;
				SWIFT_OPTIMIZATION_LEVEL = "-Onone";
			};
			name = Debug;
		};
		C79523B12172B01D009441DC /* Release */ = {
			isa = XCBuildConfiguration;
			buildSettings = {
				ALWAYS_SEARCH_USER_PATHS = NO;
				CLANG_ANALYZER_NONNULL = YES;
				CLANG_ANALYZER_NUMBER_OBJECT_CONVERSION = YES_AGGRESSIVE;
				CLANG_CXX_LANGUAGE_STANDARD = "gnu++14";
				CLANG_CXX_LIBRARY = "libc++";
				CLANG_ENABLE_MODULES = YES;
				CLANG_ENABLE_OBJC_ARC = YES;
				CLANG_ENABLE_OBJC_WEAK = YES;
				CLANG_WARN_BLOCK_CAPTURE_AUTORELEASING = YES;
				CLANG_WARN_BOOL_CONVERSION = YES;
				CLANG_WARN_COMMA = YES;
				CLANG_WARN_CONSTANT_CONVERSION = YES;
				CLANG_WARN_DEPRECATED_OBJC_IMPLEMENTATIONS = YES;
				CLANG_WARN_DIRECT_OBJC_ISA_USAGE = YES_ERROR;
				CLANG_WARN_DOCUMENTATION_COMMENTS = YES;
				CLANG_WARN_EMPTY_BODY = YES;
				CLANG_WARN_ENUM_CONVERSION = YES;
				CLANG_WARN_INFINITE_RECURSION = YES;
				CLANG_WARN_INT_CONVERSION = YES;
				CLANG_WARN_NON_LITERAL_NULL_CONVERSION = YES;
				CLANG_WARN_OBJC_IMPLICIT_RETAIN_SELF = YES;
				CLANG_WARN_OBJC_LITERAL_CONVERSION = YES;
				CLANG_WARN_OBJC_ROOT_CLASS = YES_ERROR;
				CLANG_WARN_QUOTED_INCLUDE_IN_FRAMEWORK_HEADER = YES;
				CLANG_WARN_RANGE_LOOP_ANALYSIS = YES;
				CLANG_WARN_STRICT_PROTOTYPES = YES;
				CLANG_WARN_SUSPICIOUS_MOVE = YES;
				CLANG_WARN_UNGUARDED_AVAILABILITY = YES_AGGRESSIVE;
				CLANG_WARN_UNREACHABLE_CODE = YES;
				CLANG_WARN__DUPLICATE_METHOD_MATCH = YES;
				CODE_SIGN_IDENTITY = "iPhone Developer";
				COPY_PHASE_STRIP = NO;
				DEBUG_INFORMATION_FORMAT = "dwarf-with-dsym";
				ENABLE_NS_ASSERTIONS = NO;
				ENABLE_STRICT_OBJC_MSGSEND = YES;
				GCC_C_LANGUAGE_STANDARD = gnu11;
				GCC_NO_COMMON_BLOCKS = YES;
				GCC_WARN_64_TO_32_BIT_CONVERSION = YES;
				GCC_WARN_ABOUT_RETURN_TYPE = YES_ERROR;
				GCC_WARN_UNDECLARED_SELECTOR = YES;
				GCC_WARN_UNINITIALIZED_AUTOS = YES_AGGRESSIVE;
				GCC_WARN_UNUSED_FUNCTION = YES;
				GCC_WARN_UNUSED_VARIABLE = YES;
				IPHONEOS_DEPLOYMENT_TARGET = 12.0;
				MTL_ENABLE_DEBUG_INFO = NO;
				MTL_FAST_MATH = YES;
				SDKROOT = iphoneos;
				SWIFT_COMPILATION_MODE = wholemodule;
				SWIFT_OPTIMIZATION_LEVEL = "-O";
				VALIDATE_PRODUCT = YES;
			};
			name = Release;
		};
		C79523B32172B01D009441DC /* Debug */ = {
			isa = XCBuildConfiguration;
			buildSettings = {
				ASSETCATALOG_COMPILER_APPICON_NAME = AppIcon;
				CODE_SIGN_ENTITLEMENTS = Resume/Resume.entitlements;
				CODE_SIGN_STYLE = Automatic;
				DEVELOPMENT_TEAM = K8244XD42E;
				INFOPLIST_FILE = Resume/Info.plist;
				IPHONEOS_DEPLOYMENT_TARGET = 14.2;
				LD_RUNPATH_SEARCH_PATHS = (
					"$(inherited)",
					"@executable_path/Frameworks",
				);
				MACOSX_DEPLOYMENT_TARGET = 11.0;
				PRODUCT_BUNDLE_IDENTIFIER = com.kellyhuberty.Resume;
				PRODUCT_NAME = "$(TARGET_NAME)";
				SUPPORTS_MACCATALYST = YES;
				SUPPORTS_MAC_DESIGNED_FOR_IPHONE_IPAD = YES;
				SWIFT_VERSION = 5.0;
				TARGETED_DEVICE_FAMILY = "1,2";
				TVOS_DEPLOYMENT_TARGET = 14.2;
				WATCHOS_DEPLOYMENT_TARGET = 8.0;
			};
			name = Debug;
		};
		C79523B42172B01D009441DC /* Release */ = {
			isa = XCBuildConfiguration;
			buildSettings = {
				ASSETCATALOG_COMPILER_APPICON_NAME = AppIcon;
				CODE_SIGN_ENTITLEMENTS = Resume/Resume.entitlements;
				CODE_SIGN_STYLE = Automatic;
				DEVELOPMENT_TEAM = K8244XD42E;
				INFOPLIST_FILE = Resume/Info.plist;
				IPHONEOS_DEPLOYMENT_TARGET = 14.2;
				LD_RUNPATH_SEARCH_PATHS = (
					"$(inherited)",
					"@executable_path/Frameworks",
				);
				MACOSX_DEPLOYMENT_TARGET = 11.0;
				PRODUCT_BUNDLE_IDENTIFIER = com.kellyhuberty.Resume;
				PRODUCT_NAME = "$(TARGET_NAME)";
				SUPPORTS_MACCATALYST = YES;
				SUPPORTS_MAC_DESIGNED_FOR_IPHONE_IPAD = YES;
				SWIFT_VERSION = 5.0;
				TARGETED_DEVICE_FAMILY = "1,2";
				TVOS_DEPLOYMENT_TARGET = 14.2;
				WATCHOS_DEPLOYMENT_TARGET = 8.0;
			};
			name = Release;
		};
/* End XCBuildConfiguration section */

/* Begin XCConfigurationList section */
		C79523902172B01B009441DC /* Build configuration list for PBXProject "Resume" */ = {
			isa = XCConfigurationList;
			buildConfigurations = (
				C79523B02172B01D009441DC /* Debug */,
				C79523B12172B01D009441DC /* Release */,
			);
			defaultConfigurationIsVisible = 0;
			defaultConfigurationName = Release;
		};
		C79523B22172B01D009441DC /* Build configuration list for PBXNativeTarget "Resume" */ = {
			isa = XCConfigurationList;
			buildConfigurations = (
				C79523B32172B01D009441DC /* Debug */,
				C79523B42172B01D009441DC /* Release */,
			);
			defaultConfigurationIsVisible = 0;
			defaultConfigurationName = Release;
		};
/* End XCConfigurationList section */
	};
	rootObject = C795238D2172B01B009441DC /* Project object */;
}
